// !$*UTF8*$!
{
	archiveVersion = 1;
	classes = {
	};
	objectVersion = 48;
	objects = {

/* Begin PBXBuildFile section */
		7F7D28DA220CC1D800FE5605 /* AppDelegate.swift in Sources */ = {isa = PBXBuildFile; fileRef = 7F7D28D9220CC1D800FE5605 /* AppDelegate.swift */; };
		7F7D28DC220CC1D800FE5605 /* ViewController.swift in Sources */ = {isa = PBXBuildFile; fileRef = 7F7D28DB220CC1D800FE5605 /* ViewController.swift */; };
		7F7D28DF220CC1D800FE5605 /* Main.storyboard in Resources */ = {isa = PBXBuildFile; fileRef = 7F7D28DD220CC1D800FE5605 /* Main.storyboard */; };
		7F7D28E1220CC1D800FE5605 /* Assets.xcassets in Resources */ = {isa = PBXBuildFile; fileRef = 7F7D28E0220CC1D800FE5605 /* Assets.xcassets */; };
		7F7D28E4220CC1D800FE5605 /* LaunchScreen.storyboard in Resources */ = {isa = PBXBuildFile; fileRef = 7F7D28E2220CC1D800FE5605 /* LaunchScreen.storyboard */; };
		7F7D28EC220CC84E00FE5605 /* secondViewController.swift in Sources */ = {isa = PBXBuildFile; fileRef = 7F7D28EB220CC84E00FE5605 /* secondViewController.swift */; };
/* End PBXBuildFile section */

/* Begin PBXFileReference section */
		7F7D28D6220CC1D800FE5605 /* HackwichThree.app */ = {isa = PBXFileReference; explicitFileType = wrapper.application; includeInIndex = 0; path = HackwichThree.app; sourceTree = BUILT_PRODUCTS_DIR; };
		7F7D28D9220CC1D800FE5605 /* AppDelegate.swift */ = {isa = PBXFileReference; lastKnownFileType = sourcecode.swift; path = AppDelegate.swift; sourceTree = "<group>"; };
		7F7D28DB220CC1D800FE5605 /* ViewController.swift */ = {isa = PBXFileReference; lastKnownFileType = sourcecode.swift; path = ViewController.swift; sourceTree = "<group>"; };
		7F7D28DE220CC1D800FE5605 /* Base */ = {isa = PBXFileReference; lastKnownFileType = file.storyboard; name = Base; path = Base.lproj/Main.storyboard; sourceTree = "<group>"; };
		7F7D28E0220CC1D800FE5605 /* Assets.xcassets */ = {isa = PBXFileReference; lastKnownFileType = folder.assetcatalog; path = Assets.xcassets; sourceTree = "<group>"; };
		7F7D28E3220CC1D800FE5605 /* Base */ = {isa = PBXFileReference; lastKnownFileType = file.storyboard; name = Base; path = Base.lproj/LaunchScreen.storyboard; sourceTree = "<group>"; };
		7F7D28E5220CC1D800FE5605 /* Info.plist */ = {isa = PBXFileReference; lastKnownFileType = text.plist.xml; path = Info.plist; sourceTree = "<group>"; };
		7F7D28EB220CC84E00FE5605 /* secondViewController.swift */ = {isa = PBXFileReference; lastKnownFileType = sourcecode.swift; path = secondViewController.swift; sourceTree = "<group>"; };
/* End PBXFileReference section */

/* Begin PBXFrameworksBuildPhase section */
		7F7D28D3220CC1D800FE5605 /* Frameworks */ = {
			isa = PBXFrameworksBuildPhase;
			buildActionMask = 2147483647;
			files = (
			);
			runOnlyForDeploymentPostprocessing = 0;
		};
/* End PBXFrameworksBuildPhase section */

/* Begin PBXGroup section */
		7F7D28CD220CC1D800FE5605 = {
			isa = PBXGroup;
			children = (
				7F7D28D8220CC1D800FE5605 /* HackwichThree */,
				7F7D28D7220CC1D800FE5605 /* Products */,
			);
			sourceTree = "<group>";
		};
		7F7D28D7220CC1D800FE5605 /* Products */ = {
			isa = PBXGroup;
			children = (
				7F7D28D6220CC1D800FE5605 /* HackwichThree.app */,
			);
			name = Products;
			sourceTree = "<group>";
		};
		7F7D28D8220CC1D800FE5605 /* HackwichThree */ = {
			isa = PBXGroup;
			children = (
				7F7D28D9220CC1D800FE5605 /* AppDelegate.swift */,
				7F7D28DB220CC1D800FE5605 /* ViewController.swift */,
				7F7D28DD220CC1D800FE5605 /* Main.storyboard */,
				7F7D28EB220CC84E00FE5605 /* secondViewController.swift */,
				7F7D28E0220CC1D800FE5605 /* Assets.xcassets */,
				7F7D28E2220CC1D800FE5605 /* LaunchScreen.storyboard */,
				7F7D28E5220CC1D800FE5605 /* Info.plist */,
			);
			path = HackwichThree;
			sourceTree = "<group>";
		};
/* End PBXGroup section */

/* Begin PBXNativeTarget section */
		7F7D28D5220CC1D800FE5605 /* HackwichThree */ = {
			isa = PBXNativeTarget;
			buildConfigurationList = 7F7D28E8220CC1D800FE5605 /* Build configuration list for PBXNativeTarget "HackwichThree" */;
			buildPhases = (
				7F7D28D2220CC1D800FE5605 /* Sources */,
				7F7D28D3220CC1D800FE5605 /* Frameworks */,
				7F7D28D4220CC1D800FE5605 /* Resources */,
			);
			buildRules = (
			);
			dependencies = (
			);
			name = HackwichThree;
			productName = HackwichThree;
			productReference = 7F7D28D6220CC1D800FE5605 /* HackwichThree.app */;
			productType = "com.apple.product-type.application";
		};
/* End PBXNativeTarget section */

/* Begin PBXProject section */
		7F7D28CE220CC1D800FE5605 /* Project object */ = {
			isa = PBXProject;
			attributes = {
				LastSwiftUpdateCheck = 0920;
				LastUpgradeCheck = 0920;
				ORGANIZATIONNAME = "Misha Lawrence";
				TargetAttributes = {
					7F7D28D5220CC1D800FE5605 = {
						CreatedOnToolsVersion = 9.2;
						ProvisioningStyle = Automatic;
					};
				};
			};
			buildConfigurationList = 7F7D28D1220CC1D800FE5605 /* Build configuration list for PBXProject "HackwichThree" */;
			compatibilityVersion = "Xcode 8.0";
			developmentRegion = en;
			hasScannedForEncodings = 0;
			knownRegions = (
				en,
				Base,
			);
			mainGroup = 7F7D28CD220CC1D800FE5605;
			productRefGroup = 7F7D28D7220CC1D800FE5605 /* Products */;
			projectDirPath = "";
			projectRoot = "";
			targets = (
				7F7D28D5220CC1D800FE5605 /* HackwichThree */,
			);
		};
/* End PBXProject section */

/* Begin PBXResourcesBuildPhase section */
		7F7D28D4220CC1D800FE5605 /* Resources */ = {
			isa = PBXResourcesBuildPhase;
			buildActionMask = 2147483647;
			files = (
				7F7D28E4220CC1D800FE5605 /* LaunchScreen.storyboard in Resources */,
				7F7D28E1220CC1D800FE5605 /* Assets.xcassets in Resources */,
				7F7D28DF220CC1D800FE5605 /* Main.storyboard in Resources */,
			);
			runOnlyForDeploymentPostprocessing = 0;
		};
/* End PBXResourcesBuildPhase section */

/* Begin PBXSourcesBuildPhase section */
		7F7D28D2220CC1D800FE5605 /* Sources */ = {
			isa = PBXSourcesBuildPhase;
			buildActionMask = 2147483647;
			files = (
				7F7D28DC220CC1D800FE5605 /* ViewController.swift in Sources */,
				7F7D28EC220CC84E00FE5605 /* secondViewController.swift in Sources */,
				7F7D28DA220CC1D800FE5605 /* AppDelegate.swift in Sources */,
			);
			runOnlyForDeploymentPostprocessing = 0;
		};
/* End PBXSourcesBuildPhase section */

/* Begin PBXVariantGroup section */
		7F7D28DD220CC1D800FE5605 /* Main.storyboard */ = {
			isa = PBXVariantGroup;
			children = (
				7F7D28DE220CC1D800FE5605 /* Base */,
			);
			name = Main.storyboard;
			sourceTree = "<group>";
		};
		7F7D28E2220CC1D800FE5605 /* LaunchScreen.storyboard */ = {
			isa = PBXVariantGroup;
			children = (
				7F7D28E3220CC1D800FE5605 /* Base */,
			);
			name = LaunchScreen.storyboard;
			sourceTree = "<group>";
		};
/* End PBXVariantGroup section */

/* Begin XCBuildConfiguration section */
		7F7D28E6220CC1D800FE5605 /* Debug */ = {
			isa = XCBuildConfiguration;
			buildSettings = {
				ALWAYS_SEARCH_USER_PATHS = NO;
				CLANG_ANALYZER_NONNULL = YES;
				CLANG_ANALYZER_NUMBER_OBJECT_CONVERSION = YES_AGGRESSIVE;
				CLANG_CXX_LANGUAGE_STANDARD = "gnu++14";
				CLANG_CXX_LIBRARY = "libc++";
				CLANG_ENABLE_MODULES = YES;
				CLANG_ENABLE_OBJC_ARC = YES;
				CLANG_WARN_BLOCK_CAPTURE_AUTORELEASING = YES;
				CLANG_WARN_BOOL_CONVERSION = YES;
				CLANG_WARN_COMMA = YES;
				CLANG_WARN_CONSTANT_CONVERSION = YES;
				CLANG_WARN_DIRECT_OBJC_ISA_USAGE = YES_ERROR;
				CLANG_WARN_DOCUMENTATION_COMMENTS = YES;
				CLANG_WARN_EMPTY_BODY = YES;
				CLANG_WARN_ENUM_CONVERSION = YES;
				CLANG_WARN_INFINITE_RECURSION = YES;
				CLANG_WARN_INT_CONVERSION = YES;
				CLANG_WARN_NON_LITERAL_NULL_CONVERSION = YES;
				CLANG_WARN_OBJC_LITERAL_CONVERSION = YES;
				CLANG_WARN_OBJC_ROOT_CLASS = YES_ERROR;
				CLANG_WARN_RANGE_LOOP_ANALYSIS = YES;
				CLANG_WARN_STRICT_PROTOTYPES = YES;
				CLANG_WARN_SUSPICIOUS_MOVE = YES;
				CLANG_WARN_UNGUARDED_AVAILABILITY = YES_AGGRESSIVE;
				CLANG_WARN_UNREACHABLE_CODE = YES;
				CLANG_WARN__DUPLICATE_METHOD_MATCH = YES;
				CODE_SIGN_IDENTITY = "iPhone Developer";
				COPY_PHASE_STRIP = NO;
				DEBUG_INFORMATION_FORMAT = dwarf;
				ENABLE_STRICT_OBJC_MSGSEND = YES;
				ENABLE_TESTABILITY = YES;
				GCC_C_LANGUAGE_STANDARD = gnu11;
				GCC_DYNAMIC_NO_PIC = NO;
				GCC_NO_COMMON_BLOCKS = YES;
				GCC_OPTIMIZATION_LEVEL = 0;
				GCC_PREPROCESSOR_DEFINITIONS = (
					"DEBUG=1",
					"$(inherited)",
				);
				GCC_WARN_64_TO_32_BIT_CONVERSION = YES;
				GCC_WARN_ABOUT_RETURN_TYPE = YES_ERROR;
				GCC_WARN_UNDECLARED_SELECTOR = YES;
				GCC_WARN_UNINITIALIZED_AUTOS = YES_AGGRESSIVE;
				GCC_WARN_UNUSED_FUNCTION = YES;
				GCC_WARN_UNUSED_VARIABLE = YES;
				IPHONEOS_DEPLOYMENT_TARGET = 11.2;
				MTL_ENABLE_DEBUG_INFO = YES;
				ONLY_ACTIVE_ARCH = YES;
				SDKROOT = iphoneos;
				SWIFT_ACTIVE_COMPILATION_CONDITIONS = DEBUG;
				SWIFT_OPTIMIZATION_LEVEL = "-Onone";
			};
			name = Debug;
		};
		7F7D28E7220CC1D800FE5605 /* Release */ = {
			isa = XCBuildConfiguration;
			buildSettings = {
				ALWAYS_SEARCH_USER_PATHS = NO;
				CLANG_ANALYZER_NONNULL = YES;
				CLANG_ANALYZER_NUMBER_OBJECT_CONVERSION = YES_AGGRESSIVE;
				CLANG_CXX_LANGUAGE_STANDARD = "gnu++14";
				CLANG_CXX_LIBRARY = "libc++";
				CLANG_ENABLE_MODULES = YES;
				CLANG_ENABLE_OBJC_ARC = YES;
				CLANG_WARN_BLOCK_CAPTURE_AUTORELEASING = YES;
				CLANG_WARN_BOOL_CONVERSION = YES;
				CLANG_WARN_COMMA = YES;
				CLANG_WARN_CONSTANT_CONVERSION = YES;
				CLANG_WARN_DIRECT_OBJC_ISA_USAGE = YES_ERROR;
				CLANG_WARN_DOCUMENTATION_COMMENTS = YES;
				CLANG_WARN_EMPTY_BODY = YES;
				CLANG_WARN_ENUM_CONVERSION = YES;
				CLANG_WARN_INFINITE_RECURSION = YES;
				CLANG_WARN_INT_CONVERSION = YES;
				CLANG_WARN_NON_LITERAL_NULL_CONVERSION = YES;
				CLANG_WARN_OBJC_LITERAL_CONVERSION = YES;
				CLANG_WARN_OBJC_ROOT_CLASS = YES_ERROR;
				CLANG_WARN_RANGE_LOOP_ANALYSIS = YES;
				CLANG_WARN_STRICT_PROTOTYPES = YES;
				CLANG_WARN_SUSPICIOUS_MOVE = YES;
				CLANG_WARN_UNGUARDED_AVAILABILITY = YES_AGGRESSIVE;
				CLANG_WARN_UNREACHABLE_CODE = YES;
				CLANG_WARN__DUPLICATE_METHOD_MATCH = YES;
				CODE_SIGN_IDENTITY = "iPhone Developer";
				COPY_PHASE_STRIP = NO;
				DEBUG_INFORMATION_FORMAT = "dwarf-with-dsym";
				ENABLE_NS_ASSERTIONS = NO;
				ENABLE_STRICT_OBJC_MSGSEND = YES;
				GCC_C_LANGUAGE_STANDARD = gnu11;
				GCC_NO_COMMON_BLOCKS = YES;
				GCC_WARN_64_TO_32_BIT_CONVERSION = YES;
				GCC_WARN_ABOUT_RETURN_TYPE = YES_ERROR;
				GCC_WARN_UNDECLARED_SELECTOR = YES;
				GCC_WARN_UNINITIALIZED_AUTOS = YES_AGGRESSIVE;
				GCC_WARN_UNUSED_FUNCTION = YES;
				GCC_WARN_UNUSED_VARIABLE = YES;
				IPHONEOS_DEPLOYMENT_TARGET = 11.2;
				MTL_ENABLE_DEBUG_INFO = NO;
				SDKROOT = iphoneos;
				SWIFT_OPTIMIZATION_LEVEL = "-Owholemodule";
				VALIDATE_PRODUCT = YES;
			};
			name = Release;
		};
		7F7D28E9220CC1D800FE5605 /* Debug */ = {
			isa = XCBuildConfiguration;
			buildSettings = {
				ASSETCATALOG_COMPILER_APPICON_NAME = AppIcon;
				CODE_SIGN_STYLE = Automatic;
				DEVELOPMENT_TEAM = PY4VFPDKAZ;
				INFOPLIST_FILE = HackwichThree/Info.plist;
				LD_RUNPATH_SEARCH_PATHS = "$(inherited) @executable_path/Frameworks";
				PRODUCT_BUNDLE_IDENTIFIER = UHWO.HackwichThree;
				PRODUCT_NAME = "$(TARGET_NAME)";
				SWIFT_VERSION = 4.0;
				TARGETED_DEVICE_FAMILY = "1,2";
			};
			name = Debug;
		};
		7F7D28EA220CC1D800FE5605 /* Release */ = {
			isa = XCBuildConfiguration;
			buildSettings = {
				ASSETCATALOG_COMPILER_APPICON_NAME = AppIcon;
				CODE_SIGN_STYLE = Automatic;
				DEVELOPMENT_TEAM = PY4VFPDKAZ;
				INFOPLIST_FILE = HackwichThree/Info.plist;
				LD_RUNPATH_SEARCH_PATHS = "$(inherited) @executable_path/Frameworks";
				PRODUCT_BUNDLE_IDENTIFIER = UHWO.HackwichThree;
				PRODUCT_NAME = "$(TARGET_NAME)";
				SWIFT_VERSION = 4.0;
				TARGETED_DEVICE_FAMILY = "1,2";
			};
			name = Release;
		};
/* End XCBuildConfiguration section */

/* Begin XCConfigurationList section */
		7F7D28D1220CC1D800FE5605 /* Build configuration list for PBXProject "HackwichThree" */ = {
			isa = XCConfigurationList;
			buildConfigurations = (
				7F7D28E6220CC1D800FE5605 /* Debug */,
				7F7D28E7220CC1D800FE5605 /* Release */,
			);
			defaultConfigurationIsVisible = 0;
			defaultConfigurationName = Release;
		};
		7F7D28E8220CC1D800FE5605 /* Build configuration list for PBXNativeTarget "HackwichThree" */ = {
			isa = XCConfigurationList;
			buildConfigurations = (
				7F7D28E9220CC1D800FE5605 /* Debug */,
				7F7D28EA220CC1D800FE5605 /* Release */,
			);
			defaultConfigurationIsVisible = 0;
			defaultConfigurationName = Release;
		};
/* End XCConfigurationList section */
	};
	rootObject = 7F7D28CE220CC1D800FE5605 /* Project object */;
}
